PODS:
  - Koloda (5.0):
    - pop (~> 1.0)
  - pop (1.0.12)

DEPENDENCIES:
  - Koloda

SPEC REPOS:
  https://github.com/cocoapods/specs.git:
    - Koloda
    - pop

SPEC CHECKSUMS:
  Koloda: 75302d21882cc3e274c1561b1155805ea5919dab
  pop: d582054913807fd11fd50bfe6a539d91c7e1a55a

PODFILE CHECKSUM: 6eeefb9f187a29a2c7b33f01f66303e851ac20ac

COCOAPODS: 1.7.3
